// !$*UTF8*$!
{
	archiveVersion = 1;
	classes = {
	};
	objectVersion = 46;
	objects = {

/* Begin PBXBuildFile section */
		8E0F33641C8F29E700ADEF31 /* MyCheckViewController.swift in Sources */ = {isa = PBXBuildFile; fileRef = 8E0F33631C8F29E700ADEF31 /* MyCheckViewController.swift */; };
		8E1171B71C899134003806A5 /* AppDelegate.swift in Sources */ = {isa = PBXBuildFile; fileRef = 8E1171B61C899134003806A5 /* AppDelegate.swift */; };
		8E1171BC1C899134003806A5 /* Main.storyboard in Resources */ = {isa = PBXBuildFile; fileRef = 8E1171BA1C899134003806A5 /* Main.storyboard */; };
		8E1171BE1C899134003806A5 /* Assets.xcassets in Resources */ = {isa = PBXBuildFile; fileRef = 8E1171BD1C899134003806A5 /* Assets.xcassets */; };
		8E1171C11C899134003806A5 /* LaunchScreen.storyboard in Resources */ = {isa = PBXBuildFile; fileRef = 8E1171BF1C899134003806A5 /* LaunchScreen.storyboard */; };
		8E4131FB1C8A8DE300FDD0EF /* CloudOceanNumericKeypadViewController.swift in Sources */ = {isa = PBXBuildFile; fileRef = 8E4131FA1C8A8DE300FDD0EF /* CloudOceanNumericKeypadViewController.swift */; };
		8E4131FD1C8A8E4500FDD0EF /* MainViewController.swift in Sources */ = {isa = PBXBuildFile; fileRef = 8E4131FC1C8A8E4500FDD0EF /* MainViewController.swift */; };
		8E41320D1C8B0BD700FDD0EF /* RegisterUserImageViewController.swift in Sources */ = {isa = PBXBuildFile; fileRef = 8E41320C1C8B0BD700FDD0EF /* RegisterUserImageViewController.swift */; };
		8E4132101C8B0E6C00FDD0EF /* Register.storyboard in Resources */ = {isa = PBXBuildFile; fileRef = 8E41320E1C8B0E6C00FDD0EF /* Register.storyboard */; };
		8E4132121C8B19AC00FDD0EF /* BaseModel.swift in Sources */ = {isa = PBXBuildFile; fileRef = 8E4132111C8B19AC00FDD0EF /* BaseModel.swift */; };
		8E4132161C8BADBC00FDD0EF /* BaseViewController.swift in Sources */ = {isa = PBXBuildFile; fileRef = 8E4132151C8BADBC00FDD0EF /* BaseViewController.swift */; };
		8E4132181C8C005600FDD0EF /* OAuthViewController.swift in Sources */ = {isa = PBXBuildFile; fileRef = 8E4132171C8C005600FDD0EF /* OAuthViewController.swift */; };
		8E41321A1C8C146300FDD0EF /* CommontProcess.swift in Sources */ = {isa = PBXBuildFile; fileRef = 8E4132191C8C146300FDD0EF /* CommontProcess.swift */; };
		8E44C0E81C8C7C3900E9561A /* UserModel.swift in Sources */ = {isa = PBXBuildFile; fileRef = 8E44C0E71C8C7C3900E9561A /* UserModel.swift */; };
		8E91F8E71C917BB700C50086 /* RegisterSigniture.swift in Sources */ = {isa = PBXBuildFile; fileRef = 8E91F8E61C917BB700C50086 /* RegisterSigniture.swift */; };
		8EFA0CB81C8C2F6500BEF641 /* MyCheck.xcdatamodeld in Sources */ = {isa = PBXBuildFile; fileRef = 8EFA0CB61C8C2F6500BEF641 /* MyCheck.xcdatamodeld */; };
		8EFA0CBE1C8C306000BEF641 /* CoreDataManager.swift in Sources */ = {isa = PBXBuildFile; fileRef = 8EFA0CBD1C8C306000BEF641 /* CoreDataManager.swift */; };
		8EFA0CC01C8C307300BEF641 /* MyCheckInfoModel.swift in Sources */ = {isa = PBXBuildFile; fileRef = 8EFA0CBF1C8C307300BEF641 /* MyCheckInfoModel.swift */; };
		8EFA0CE51C8C385600BEF641 /* MyCheckData+CoreDataProperties.swift in Sources */ = {isa = PBXBuildFile; fileRef = 8EFA0CE31C8C385600BEF641 /* MyCheckData+CoreDataProperties.swift */; };
		8EFA0CE61C8C385600BEF641 /* MyCheckData.swift in Sources */ = {isa = PBXBuildFile; fileRef = 8EFA0CE41C8C385600BEF641 /* MyCheckData.swift */; };
/* End PBXBuildFile section */

/* Begin PBXFileReference section */
		8E0F33631C8F29E700ADEF31 /* MyCheckViewController.swift */ = {isa = PBXFileReference; fileEncoding = 4; lastKnownFileType = sourcecode.swift; name = MyCheckViewController.swift; path = Classes/MyCheckViewController.swift; sourceTree = "<group>"; };
		8E1171B31C899134003806A5 /* JibunKogitte.app */ = {isa = PBXFileReference; explicitFileType = wrapper.application; includeInIndex = 0; path = JibunKogitte.app; sourceTree = BUILT_PRODUCTS_DIR; };
		8E1171B61C899134003806A5 /* AppDelegate.swift */ = {isa = PBXFileReference; lastKnownFileType = sourcecode.swift; path = AppDelegate.swift; sourceTree = "<group>"; };
		8E1171BB1C899134003806A5 /* Base */ = {isa = PBXFileReference; lastKnownFileType = file.storyboard; name = Base; path = Base.lproj/Main.storyboard; sourceTree = "<group>"; };
		8E1171BD1C899134003806A5 /* Assets.xcassets */ = {isa = PBXFileReference; lastKnownFileType = folder.assetcatalog; path = Assets.xcassets; sourceTree = "<group>"; };
		8E1171C01C899134003806A5 /* Base */ = {isa = PBXFileReference; lastKnownFileType = file.storyboard; name = Base; path = Base.lproj/LaunchScreen.storyboard; sourceTree = "<group>"; };
		8E1171C21C899134003806A5 /* Info.plist */ = {isa = PBXFileReference; lastKnownFileType = text.plist.xml; path = Info.plist; sourceTree = "<group>"; };
		8E4131FA1C8A8DE300FDD0EF /* CloudOceanNumericKeypadViewController.swift */ = {isa = PBXFileReference; fileEncoding = 4; lastKnownFileType = sourcecode.swift; name = CloudOceanNumericKeypadViewController.swift; path = Classes/CloudOceanNumericKeypadViewController.swift; sourceTree = "<group>"; };
		8E4131FC1C8A8E4500FDD0EF /* MainViewController.swift */ = {isa = PBXFileReference; fileEncoding = 4; lastKnownFileType = sourcecode.swift; name = MainViewController.swift; path = Classes/MainViewController.swift; sourceTree = "<group>"; };
		8E41320C1C8B0BD700FDD0EF /* RegisterUserImageViewController.swift */ = {isa = PBXFileReference; fileEncoding = 4; lastKnownFileType = sourcecode.swift; name = RegisterUserImageViewController.swift; path = Classes/RegisterUserImageViewController.swift; sourceTree = "<group>"; };
		8E41320F1C8B0E6C00FDD0EF /* Base */ = {isa = PBXFileReference; lastKnownFileType = file.storyboard; name = Base; path = Base.lproj/Register.storyboard; sourceTree = "<group>"; };
		8E4132111C8B19AC00FDD0EF /* BaseModel.swift */ = {isa = PBXFileReference; fileEncoding = 4; lastKnownFileType = sourcecode.swift; name = BaseModel.swift; path = Classes/BaseModel.swift; sourceTree = "<group>"; };
		8E4132151C8BADBC00FDD0EF /* BaseViewController.swift */ = {isa = PBXFileReference; fileEncoding = 4; lastKnownFileType = sourcecode.swift; name = BaseViewController.swift; path = Classes/BaseViewController.swift; sourceTree = "<group>"; };
		8E4132171C8C005600FDD0EF /* OAuthViewController.swift */ = {isa = PBXFileReference; fileEncoding = 4; lastKnownFileType = sourcecode.swift; name = OAuthViewController.swift; path = Classes/OAuthViewController.swift; sourceTree = "<group>"; };
		8E4132191C8C146300FDD0EF /* CommontProcess.swift */ = {isa = PBXFileReference; fileEncoding = 4; lastKnownFileType = sourcecode.swift; name = CommontProcess.swift; path = Classes/CommontProcess.swift; sourceTree = "<group>"; };
		8E44C0E71C8C7C3900E9561A /* UserModel.swift */ = {isa = PBXFileReference; fileEncoding = 4; lastKnownFileType = sourcecode.swift; name = UserModel.swift; path = Classes/UserModel.swift; sourceTree = "<group>"; };
		8E91F8E61C917BB700C50086 /* RegisterSigniture.swift */ = {isa = PBXFileReference; fileEncoding = 4; lastKnownFileType = sourcecode.swift; name = RegisterSigniture.swift; path = Classes/RegisterSigniture.swift; sourceTree = "<group>"; };
		8EFA0CB71C8C2F6500BEF641 /* MyCheck.xcdatamodel */ = {isa = PBXFileReference; lastKnownFileType = wrapper.xcdatamodel; path = MyCheck.xcdatamodel; sourceTree = "<group>"; };
		8EFA0CBD1C8C306000BEF641 /* CoreDataManager.swift */ = {isa = PBXFileReference; fileEncoding = 4; lastKnownFileType = sourcecode.swift; name = CoreDataManager.swift; path = Classes/CoreDataManager.swift; sourceTree = "<group>"; };
		8EFA0CBF1C8C307300BEF641 /* MyCheckInfoModel.swift */ = {isa = PBXFileReference; fileEncoding = 4; lastKnownFileType = sourcecode.swift; name = MyCheckInfoModel.swift; path = Classes/MyCheckInfoModel.swift; sourceTree = "<group>"; };
		8EFA0CE31C8C385600BEF641 /* MyCheckData+CoreDataProperties.swift */ = {isa = PBXFileReference; fileEncoding = 4; lastKnownFileType = sourcecode.swift; name = "MyCheckData+CoreDataProperties.swift"; path = "Classes/MyCheckData+CoreDataProperties.swift"; sourceTree = "<group>"; };
		8EFA0CE41C8C385600BEF641 /* MyCheckData.swift */ = {isa = PBXFileReference; fileEncoding = 4; lastKnownFileType = sourcecode.swift; name = MyCheckData.swift; path = Classes/MyCheckData.swift; sourceTree = "<group>"; };
/* End PBXFileReference section */

/* Begin PBXFrameworksBuildPhase section */
		8E1171B01C899134003806A5 /* Frameworks */ = {
			isa = PBXFrameworksBuildPhase;
			buildActionMask = 2147483647;
			files = (
			);
			runOnlyForDeploymentPostprocessing = 0;
		};
/* End PBXFrameworksBuildPhase section */

/* Begin PBXGroup section */
		8E1171AA1C899134003806A5 = {
			isa = PBXGroup;
			children = (
				8E1171B51C899134003806A5 /* JibunKogitte */,
				8E1171B41C899134003806A5 /* Products */,
			);
			sourceTree = "<group>";
		};
		8E1171B41C899134003806A5 /* Products */ = {
			isa = PBXGroup;
			children = (
				8E1171B31C899134003806A5 /* JibunKogitte.app */,
			);
			name = Products;
			sourceTree = "<group>";
		};
		8E1171B51C899134003806A5 /* JibunKogitte */ = {
			isa = PBXGroup;
			children = (
				8E4131F41C8A8D4A00FDD0EF /* Controller */,
				8E4131F61C8A8D6500FDD0EF /* Model */,
				8E4132071C8AC67400FDD0EF /* Utility */,
				8E4131F71C8A8D6A00FDD0EF /* View */,
				8E1171B61C899134003806A5 /* AppDelegate.swift */,
				8EFA0CB61C8C2F6500BEF641 /* MyCheck.xcdatamodeld */,
				8E1171BD1C899134003806A5 /* Assets.xcassets */,
				8E1171BA1C899134003806A5 /* Main.storyboard */,
				8E41320E1C8B0E6C00FDD0EF /* Register.storyboard */,
				8E1171BF1C899134003806A5 /* LaunchScreen.storyboard */,
				8E1171C21C899134003806A5 /* Info.plist */,
			);
			path = JibunKogitte;
			sourceTree = "<group>";
		};
		8E4131F41C8A8D4A00FDD0EF /* Controller */ = {
			isa = PBXGroup;
			children = (
				8E4131F51C8A8D5A00FDD0EF /* ViewController */,
				8EFA0CBD1C8C306000BEF641 /* CoreDataManager.swift */,
			);
			name = Controller;
			sourceTree = "<group>";
		};
		8E4131F51C8A8D5A00FDD0EF /* ViewController */ = {
			isa = PBXGroup;
			children = (
				8E4131FA1C8A8DE300FDD0EF /* CloudOceanNumericKeypadViewController.swift */,
				8E0F33631C8F29E700ADEF31 /* MyCheckViewController.swift */,
				8E4131FC1C8A8E4500FDD0EF /* MainViewController.swift */,
				8E41320C1C8B0BD700FDD0EF /* RegisterUserImageViewController.swift */,
				8E4132151C8BADBC00FDD0EF /* BaseViewController.swift */,
				8E4132171C8C005600FDD0EF /* OAuthViewController.swift */,
				8E91F8E61C917BB700C50086 /* RegisterSigniture.swift */,
			);
			name = ViewController;
			sourceTree = "<group>";
		};
		8E4131F61C8A8D6500FDD0EF /* Model */ = {
			isa = PBXGroup;
			children = (
				8EFA0CE21C8C383800BEF641 /* CoreDataModel */,
				8E4132111C8B19AC00FDD0EF /* BaseModel.swift */,
				8EFA0CBF1C8C307300BEF641 /* MyCheckInfoModel.swift */,
				8E44C0E71C8C7C3900E9561A /* UserModel.swift */,
			);
			name = Model;
			sourceTree = "<group>";
		};
		8E4131F71C8A8D6A00FDD0EF /* View */ = {
			isa = PBXGroup;
			children = (
			);
			name = View;
			sourceTree = "<group>";
		};
		8E4132071C8AC67400FDD0EF /* Utility */ = {
			isa = PBXGroup;
			children = (
				8E4132191C8C146300FDD0EF /* CommontProcess.swift */,
			);
			name = Utility;
			sourceTree = "<group>";
		};
		8EFA0CE21C8C383800BEF641 /* CoreDataModel */ = {
			isa = PBXGroup;
			children = (
				8EFA0CE31C8C385600BEF641 /* MyCheckData+CoreDataProperties.swift */,
				8EFA0CE41C8C385600BEF641 /* MyCheckData.swift */,
			);
			name = CoreDataModel;
			sourceTree = "<group>";
		};
/* End PBXGroup section */

/* Begin PBXNativeTarget section */
		8E1171B21C899134003806A5 /* JibunKogitte */ = {
			isa = PBXNativeTarget;
			buildConfigurationList = 8E1171C51C899134003806A5 /* Build configuration list for PBXNativeTarget "JibunKogitte" */;
			buildPhases = (
				8E1171AF1C899134003806A5 /* Sources */,
				8E1171B01C899134003806A5 /* Frameworks */,
				8E1171B11C899134003806A5 /* Resources */,
			);
			buildRules = (
			);
			dependencies = (
			);
			name = JibunKogitte;
			productName = JibunKogitte;
			productReference = 8E1171B31C899134003806A5 /* JibunKogitte.app */;
			productType = "com.apple.product-type.application";
		};
/* End PBXNativeTarget section */

/* Begin PBXProject section */
		8E1171AB1C899134003806A5 /* Project object */ = {
			isa = PBXProject;
			attributes = {
				KnownAssetTags = (
					Settings,
				);
				LastSwiftUpdateCheck = 0720;
				LastUpgradeCheck = 0720;
				ORGANIZATIONNAME = KOMS;
				TargetAttributes = {
					8E1171B21C899134003806A5 = {
						CreatedOnToolsVersion = 7.2.1;
						DevelopmentTeam = 47AF7U98C2;
						SystemCapabilities = {
							com.apple.Push = {
								enabled = 1;
							};
						};
					};
				};
			};
			buildConfigurationList = 8E1171AE1C899134003806A5 /* Build configuration list for PBXProject "JibunKogitte" */;
			compatibilityVersion = "Xcode 3.2";
			developmentRegion = English;
			hasScannedForEncodings = 0;
			knownRegions = (
				en,
				Base,
			);
			mainGroup = 8E1171AA1C899134003806A5;
			productRefGroup = 8E1171B41C899134003806A5 /* Products */;
			projectDirPath = "";
			projectRoot = "";
			targets = (
				8E1171B21C899134003806A5 /* JibunKogitte */,
			);
		};
/* End PBXProject section */

/* Begin PBXResourcesBuildPhase section */
		8E1171B11C899134003806A5 /* Resources */ = {
			isa = PBXResourcesBuildPhase;
			buildActionMask = 2147483647;
			files = (
				8E1171C11C899134003806A5 /* LaunchScreen.storyboard in Resources */,
				8E1171BE1C899134003806A5 /* Assets.xcassets in Resources */,
				8E1171BC1C899134003806A5 /* Main.storyboard in Resources */,
				8E4132101C8B0E6C00FDD0EF /* Register.storyboard in Resources */,
			);
			runOnlyForDeploymentPostprocessing = 0;
		};
/* End PBXResourcesBuildPhase section */

/* Begin PBXSourcesBuildPhase section */
		8E1171AF1C899134003806A5 /* Sources */ = {
			isa = PBXSourcesBuildPhase;
			buildActionMask = 2147483647;
			files = (
				8E4132121C8B19AC00FDD0EF /* BaseModel.swift in Sources */,
				8E91F8E71C917BB700C50086 /* RegisterSigniture.swift in Sources */,
				8EFA0CB81C8C2F6500BEF641 /* MyCheck.xcdatamodeld in Sources */,
				8E41320D1C8B0BD700FDD0EF /* RegisterUserImageViewController.swift in Sources */,
				8E4131FD1C8A8E4500FDD0EF /* MainViewController.swift in Sources */,
				8EFA0CE61C8C385600BEF641 /* MyCheckData.swift in Sources */,
				8EFA0CE51C8C385600BEF641 /* MyCheckData+CoreDataProperties.swift in Sources */,
				8E1171B71C899134003806A5 /* AppDelegate.swift in Sources */,
				8E4132181C8C005600FDD0EF /* OAuthViewController.swift in Sources */,
				8E41321A1C8C146300FDD0EF /* CommontProcess.swift in Sources */,
				8E0F33641C8F29E700ADEF31 /* MyCheckViewController.swift in Sources */,
				8E44C0E81C8C7C3900E9561A /* UserModel.swift in Sources */,
				8EFA0CBE1C8C306000BEF641 /* CoreDataManager.swift in Sources */,
				8E4131FB1C8A8DE300FDD0EF /* CloudOceanNumericKeypadViewController.swift in Sources */,
				8E4132161C8BADBC00FDD0EF /* BaseViewController.swift in Sources */,
				8EFA0CC01C8C307300BEF641 /* MyCheckInfoModel.swift in Sources */,
			);
			runOnlyForDeploymentPostprocessing = 0;
		};
/* End PBXSourcesBuildPhase section */

/* Begin PBXVariantGroup section */
		8E1171BA1C899134003806A5 /* Main.storyboard */ = {
			isa = PBXVariantGroup;
			children = (
				8E1171BB1C899134003806A5 /* Base */,
			);
			name = Main.storyboard;
			sourceTree = "<group>";
		};
		8E1171BF1C899134003806A5 /* LaunchScreen.storyboard */ = {
			isa = PBXVariantGroup;
			children = (
				8E1171C01C899134003806A5 /* Base */,
			);
			name = LaunchScreen.storyboard;
			sourceTree = "<group>";
		};
		8E41320E1C8B0E6C00FDD0EF /* Register.storyboard */ = {
			isa = PBXVariantGroup;
			children = (
				8E41320F1C8B0E6C00FDD0EF /* Base */,
			);
			name = Register.storyboard;
			sourceTree = "<group>";
		};
/* End PBXVariantGroup section */

/* Begin XCBuildConfiguration section */
		8E1171C31C899134003806A5 /* Debug */ = {
			isa = XCBuildConfiguration;
			buildSettings = {
				ALWAYS_SEARCH_USER_PATHS = NO;
				CLANG_CXX_LANGUAGE_STANDARD = "gnu++0x";
				CLANG_CXX_LIBRARY = "libc++";
				CLANG_ENABLE_MODULES = YES;
				CLANG_ENABLE_OBJC_ARC = YES;
				CLANG_WARN_BOOL_CONVERSION = YES;
				CLANG_WARN_CONSTANT_CONVERSION = YES;
				CLANG_WARN_DIRECT_OBJC_ISA_USAGE = YES_ERROR;
				CLANG_WARN_EMPTY_BODY = YES;
				CLANG_WARN_ENUM_CONVERSION = YES;
				CLANG_WARN_INT_CONVERSION = YES;
				CLANG_WARN_OBJC_ROOT_CLASS = YES_ERROR;
				CLANG_WARN_UNREACHABLE_CODE = YES;
				CLANG_WARN__DUPLICATE_METHOD_MATCH = YES;
				"CODE_SIGN_IDENTITY[sdk=iphoneos*]" = "iPhone Developer: Sachiko Kajishima (VZD7YK56U8)";
				COPY_PHASE_STRIP = NO;
				DEBUG_INFORMATION_FORMAT = dwarf;
				ENABLE_STRICT_OBJC_MSGSEND = YES;
				ENABLE_TESTABILITY = YES;
				GCC_C_LANGUAGE_STANDARD = gnu99;
				GCC_DYNAMIC_NO_PIC = NO;
				GCC_NO_COMMON_BLOCKS = YES;
				GCC_OPTIMIZATION_LEVEL = 0;
				GCC_PREPROCESSOR_DEFINITIONS = (
					"DEBUG=1",
					"$(inherited)",
				);
				GCC_WARN_64_TO_32_BIT_CONVERSION = YES;
				GCC_WARN_ABOUT_RETURN_TYPE = YES_ERROR;
				GCC_WARN_UNDECLARED_SELECTOR = YES;
				GCC_WARN_UNINITIALIZED_AUTOS = YES_AGGRESSIVE;
				GCC_WARN_UNUSED_FUNCTION = YES;
				GCC_WARN_UNUSED_VARIABLE = YES;
				IPHONEOS_DEPLOYMENT_TARGET = 9.2;
				MTL_ENABLE_DEBUG_INFO = YES;
				ONLY_ACTIVE_ARCH = YES;
				SDKROOT = iphoneos;
				SWIFT_OPTIMIZATION_LEVEL = "-Onone";
				TARGETED_DEVICE_FAMILY = "1,2";
			};
			name = Debug;
		};
		8E1171C41C899134003806A5 /* Release */ = {
			isa = XCBuildConfiguration;
			buildSettings = {
				ALWAYS_SEARCH_USER_PATHS = NO;
				CLANG_CXX_LANGUAGE_STANDARD = "gnu++0x";
				CLANG_CXX_LIBRARY = "libc++";
				CLANG_ENABLE_MODULES = YES;
				CLANG_ENABLE_OBJC_ARC = YES;
				CLANG_WARN_BOOL_CONVERSION = YES;
				CLANG_WARN_CONSTANT_CONVERSION = YES;
				CLANG_WARN_DIRECT_OBJC_ISA_USAGE = YES_ERROR;
				CLANG_WARN_EMPTY_BODY = YES;
				CLANG_WARN_ENUM_CONVERSION = YES;
				CLANG_WARN_INT_CONVERSION = YES;
				CLANG_WARN_OBJC_ROOT_CLASS = YES_ERROR;
				CLANG_WARN_UNREACHABLE_CODE = YES;
				CLANG_WARN__DUPLICATE_METHOD_MATCH = YES;
				"CODE_SIGN_IDENTITY[sdk=iphoneos*]" = "iPhone Developer";
				COPY_PHASE_STRIP = NO;
				DEBUG_INFORMATION_FORMAT = "dwarf-with-dsym";
				ENABLE_NS_ASSERTIONS = NO;
				ENABLE_STRICT_OBJC_MSGSEND = YES;
				GCC_C_LANGUAGE_STANDARD = gnu99;
				GCC_NO_COMMON_BLOCKS = YES;
				GCC_WARN_64_TO_32_BIT_CONVERSION = YES;
				GCC_WARN_ABOUT_RETURN_TYPE = YES_ERROR;
				GCC_WARN_UNDECLARED_SELECTOR = YES;
				GCC_WARN_UNINITIALIZED_AUTOS = YES_AGGRESSIVE;
				GCC_WARN_UNUSED_FUNCTION = YES;
				GCC_WARN_UNUSED_VARIABLE = YES;
				IPHONEOS_DEPLOYMENT_TARGET = 9.2;
				MTL_ENABLE_DEBUG_INFO = NO;
				SDKROOT = iphoneos;
				TARGETED_DEVICE_FAMILY = "1,2";
				VALIDATE_PRODUCT = YES;
			};
			name = Release;
		};
		8E1171C61C899134003806A5 /* Debug */ = {
			isa = XCBuildConfiguration;
			buildSettings = {
				ASSETCATALOG_COMPILER_APPICON_NAME = AppIcon;
				CODE_SIGN_IDENTITY = "iPhone Developer";
				"CODE_SIGN_IDENTITY[sdk=iphoneos*]" = "iPhone Developer";
				INFOPLIST_FILE = JibunKogitte/Info.plist;
				LD_RUNPATH_SEARCH_PATHS = "$(inherited) @executable_path/Frameworks";
				PRODUCT_BUNDLE_IDENTIFIER = com.koms.mycheck;
				PRODUCT_NAME = "$(TARGET_NAME)";
				PROVISIONING_PROFILE = "";
			};
			name = Debug;
		};
		8E1171C71C899134003806A5 /* Release */ = {
			isa = XCBuildConfiguration;
			buildSettings = {
				ASSETCATALOG_COMPILER_APPICON_NAME = AppIcon;
				CODE_SIGN_IDENTITY = "iPhone Developer";
				"CODE_SIGN_IDENTITY[sdk=iphoneos*]" = "iPhone Developer";
				INFOPLIST_FILE = JibunKogitte/Info.plist;
				LD_RUNPATH_SEARCH_PATHS = "$(inherited) @executable_path/Frameworks";
				PRODUCT_BUNDLE_IDENTIFIER = com.koms.mycheck;
				PRODUCT_NAME = "$(TARGET_NAME)";
				PROVISIONING_PROFILE = "";
			};
			name = Release;
		};
/* End XCBuildConfiguration section */

/* Begin XCConfigurationList section */
		8E1171AE1C899134003806A5 /* Build configuration list for PBXProject "JibunKogitte" */ = {
			isa = XCConfigurationList;
			buildConfigurations = (
				8E1171C31C899134003806A5 /* Debug */,
				8E1171C41C899134003806A5 /* Release */,
			);
			defaultConfigurationIsVisible = 0;
			defaultConfigurationName = Debug;
		};
		8E1171C51C899134003806A5 /* Build configuration list for PBXNativeTarget "JibunKogitte" */ = {
			isa = XCConfigurationList;
			buildConfigurations = (
				8E1171C61C899134003806A5 /* Debug */,
				8E1171C71C899134003806A5 /* Release */,
			);
			defaultConfigurationIsVisible = 0;
			defaultConfigurationName = Debug;
		};
/* End XCConfigurationList section */

/* Begin XCVersionGroup section */
		8EFA0CB61C8C2F6500BEF641 /* MyCheck.xcdatamodeld */ = {
			isa = XCVersionGroup;
			children = (
				8EFA0CB71C8C2F6500BEF641 /* MyCheck.xcdatamodel */,
			);
			currentVersion = 8EFA0CB71C8C2F6500BEF641 /* MyCheck.xcdatamodel */;
			path = MyCheck.xcdatamodeld;
			sourceTree = "<group>";
			versionGroupType = wrapper.xcdatamodel;
		};
/* End XCVersionGroup section */
	};
	rootObject = 8E1171AB1C899134003806A5 /* Project object */;
}
